
Microsoft Visual Studio Solution File, Format Version 12.00
# Visual Studio 15
VisualStudioVersion = 15.0.27004.2010
MinimumVisualStudioVersion = 10.0.40219.1
Project("{8BC9CEB8-8B4A-11D0-8D11-00A0C91BC942}") = "SumOfSquaresUntilZero", "SumOfSquaresUntilZero\SumOfSquaresUntilZero.vcxproj", "{EA724101-D29A-45C1-81B9-5768BEBF7517}"
EndProject
Global
	GlobalSection(SolutionConfigurationPlatforms) = preSolution
		Debug|x64 = Debug|x64
		Debug|x86 = Debug|x86
		Release|x64 = Release|x64
		Release|x86 = Release|x86
	EndGlobalSection
	GlobalSection(ProjectConfigurationPlatforms) = postSolution
		{EA724101-D29A-45C1-81B9-5768BEBF7517}.Debug|x64.ActiveCfg = Debug|x64
		{EA724101-D29A-45C1-81B9-5768BEBF7517}.Debug|x64.Build.0 = Debug|x64
		{EA724101-D29A-45C1-81B9-5768BEBF7517}.Debug|x86.ActiveCfg = Debug|Win32
		{EA724101-D29A-45C1-81B9-5768BEBF7517}.Debug|x86.Build.0 = Debug|Win32
		{EA724101-D29A-45C1-81B9-5768BEBF7517}.Release|x64.ActiveCfg = Release|x64
		{EA724101-D29A-45C1-81B9-5768BEBF7517}.Release|x64.Build.0 = Release|x64
		{EA724101-D29A-45C1-81B9-5768BEBF7517}.Release|x86.ActiveCfg = Release|Win32
		{EA724101-D29A-45C1-81B9-5768BEBF7517}.Release|x86.Build.0 = Release|Win32
	EndGlobalSection
	GlobalSection(SolutionProperties) = preSolution
		HideSolutionNode = FALSE
	EndGlobalSection
	GlobalSection(ExtensibilityGlobals) = postSolution
		SolutionGuid = {0036C18A-130A-4B7F-8E31-439D61A5DF4E}
	EndGlobalSection
EndGlobal
