
Microsoft Visual Studio Solution File, Format Version 12.00
# Visual Studio 15
VisualStudioVersion = 15.0.27004.2010
MinimumVisualStudioVersion = 10.0.40219.1
Project("{8BC9CEB8-8B4A-11D0-8D11-00A0C91BC942}") = "3x3MatrixProduct", "3x3MatrixProduct\3x3MatrixProduct.vcxproj", "{22580412-A85F-46C7-8696-FDF20FBFC423}"
EndProject
Global
	GlobalSection(SolutionConfigurationPlatforms) = preSolution
		Debug|x64 = Debug|x64
		Debug|x86 = Debug|x86
		Release|x64 = Release|x64
		Release|x86 = Release|x86
	EndGlobalSection
	GlobalSection(ProjectConfigurationPlatforms) = postSolution
		{22580412-A85F-46C7-8696-FDF20FBFC423}.Debug|x64.ActiveCfg = Debug|x64
		{22580412-A85F-46C7-8696-FDF20FBFC423}.Debug|x64.Build.0 = Debug|x64
		{22580412-A85F-46C7-8696-FDF20FBFC423}.Debug|x86.ActiveCfg = Debug|Win32
		{22580412-A85F-46C7-8696-FDF20FBFC423}.Debug|x86.Build.0 = Debug|Win32
		{22580412-A85F-46C7-8696-FDF20FBFC423}.Release|x64.ActiveCfg = Release|x64
		{22580412-A85F-46C7-8696-FDF20FBFC423}.Release|x64.Build.0 = Release|x64
		{22580412-A85F-46C7-8696-FDF20FBFC423}.Release|x86.ActiveCfg = Release|Win32
		{22580412-A85F-46C7-8696-FDF20FBFC423}.Release|x86.Build.0 = Release|Win32
	EndGlobalSection
	GlobalSection(SolutionProperties) = preSolution
		HideSolutionNode = FALSE
	EndGlobalSection
	GlobalSection(ExtensibilityGlobals) = postSolution
		SolutionGuid = {3067EF09-76BB-465E-A1B5-E38909AB0DEC}
	EndGlobalSection
EndGlobal
